
Microsoft Visual Studio Solution File, Format Version 12.00
# Visual Studio 14
VisualStudioVersion = 14.0.25420.1
MinimumVisualStudioVersion = 10.0.40219.1
Project("{FAE04EC0-301F-11D3-BF4B-00C04F79EFBC}") = "MultiSubscrition", "MultiSubscrition\MultiSubscrition.csproj", "{0950C58A-A71A-458D-B804-81DC86B8D9AA}"
EndProject
Project("{FAE04EC0-301F-11D3-BF4B-00C04F79EFBC}") = "MultiSubscriptionHost", "MultiSubscriptionHost\MultiSubscriptionHost.csproj", "{64E906F3-2A90-44D8-B8E5-FCE5172B1589}"
EndProject
Project("{FAE04EC0-301F-11D3-BF4B-00C04F79EFBC}") = "KanbanBoardClient", "KanbanBoardClient\KanbanBoardClient.csproj", "{B9765B1D-B4C2-497E-8BE6-80B89EC75888}"
	ProjectSection(ProjectDependencies) = postProject
		{64E906F3-2A90-44D8-B8E5-FCE5172B1589} = {64E906F3-2A90-44D8-B8E5-FCE5172B1589}
	EndProjectSection
EndProject
Global
	GlobalSection(SolutionConfigurationPlatforms) = preSolution
		Debug|Any CPU = Debug|Any CPU
		Release|Any CPU = Release|Any CPU
	EndGlobalSection
	GlobalSection(ProjectConfigurationPlatforms) = postSolution
		{0950C58A-A71A-458D-B804-81DC86B8D9AA}.Debug|Any CPU.ActiveCfg = Debug|Any CPU
		{0950C58A-A71A-458D-B804-81DC86B8D9AA}.Debug|Any CPU.Build.0 = Debug|Any CPU
		{0950C58A-A71A-458D-B804-81DC86B8D9AA}.Release|Any CPU.ActiveCfg = Release|Any CPU
		{0950C58A-A71A-458D-B804-81DC86B8D9AA}.Release|Any CPU.Build.0 = Release|Any CPU
		{64E906F3-2A90-44D8-B8E5-FCE5172B1589}.Debug|Any CPU.ActiveCfg = Debug|Any CPU
		{64E906F3-2A90-44D8-B8E5-FCE5172B1589}.Debug|Any CPU.Build.0 = Debug|Any CPU
		{64E906F3-2A90-44D8-B8E5-FCE5172B1589}.Release|Any CPU.ActiveCfg = Release|Any CPU
		{64E906F3-2A90-44D8-B8E5-FCE5172B1589}.Release|Any CPU.Build.0 = Release|Any CPU
		{B9765B1D-B4C2-497E-8BE6-80B89EC75888}.Debug|Any CPU.ActiveCfg = Debug|Any CPU
		{B9765B1D-B4C2-497E-8BE6-80B89EC75888}.Debug|Any CPU.Build.0 = Debug|Any CPU
		{B9765B1D-B4C2-497E-8BE6-80B89EC75888}.Release|Any CPU.ActiveCfg = Release|Any CPU
		{B9765B1D-B4C2-497E-8BE6-80B89EC75888}.Release|Any CPU.Build.0 = Release|Any CPU
	EndGlobalSection
	GlobalSection(SolutionProperties) = preSolution
		HideSolutionNode = FALSE
	EndGlobalSection
EndGlobal
